{
  "lockfileVersion": 0,
  "workspaces": {
    "": {
      "name": "react-intl-typegen",
      "dependencies": {
        "@formatjs/icu-messageformat-parser": "*",
        "docopt": "*",
      },
    },
  },
  "packages": {
    "@formatjs/ecma402-abstract": ["@formatjs/ecma402-abstract@2.3.3", "", { "dependencies": { "@formatjs/fast-memoize": "2.2.6", "@formatjs/intl-localematcher": "0.6.0", "decimal.js": "10", "tslib": "2" } }, "sha512-pJT1OkhplSmvvr6i3CWTPvC/FGC06MbN5TNBfRO6Ox62AEz90eMq+dVvtX9Bl3jxCEkS0tATzDarRZuOLw7oFg=="],

    "@formatjs/fast-memoize": ["@formatjs/fast-memoize@2.2.6", "", { "dependencies": { "tslib": "2" } }, "sha512-luIXeE2LJbQnnzotY1f2U2m7xuQNj2DA8Vq4ce1BY9ebRZaoPB1+8eZ6nXpLzsxuW5spQxr7LdCg+CApZwkqkw=="],

    "@formatjs/icu-messageformat-parser": ["@formatjs/icu-messageformat-parser@2.11.1", "", { "dependencies": { "@formatjs/ecma402-abstract": "2.3.3", "@formatjs/icu-skeleton-parser": "1.8.13", "tslib": "2" } }, "sha512-o0AhSNaOfKoic0Sn1GkFCK4MxdRsw7mPJ5/rBpIqdvcC7MIuyUSW8WChUEvrK78HhNpYOgqCQbINxCTumJLzZA=="],

    "@formatjs/icu-skeleton-parser": ["@formatjs/icu-skeleton-parser@1.8.13", "", { "dependencies": { "@formatjs/ecma402-abstract": "2.3.3", "tslib": "2" } }, "sha512-N/LIdTvVc1TpJmMt2jVg0Fr1F7Q1qJPdZSCs19unMskCmVQ/sa0H9L8PWt13vq+gLdLg1+pPsvBLydL1Apahjg=="],

    "@formatjs/intl-localematcher": ["@formatjs/intl-localematcher@0.6.0", "", { "dependencies": { "tslib": "2" } }, "sha512-4rB4g+3hESy1bHSBG3tDFaMY2CH67iT7yne1e+0CLTsGLDcmoEWWpJjjpWVaYgYfYuohIRuo0E+N536gd2ZHZA=="],

    "decimal.js": ["decimal.js@10.5.0", "", {}, "sha512-8vDa8Qxvr/+d94hSh5P3IJwI5t8/c0KsMp+g8bNw9cY2icONa5aPfvKeieW1WlG0WQYwwhJ7mjui2xtiePQSXw=="],

    "docopt": ["docopt@0.6.2", "", {}, "sha512-NqTbaYeE4gA/wU1hdKFdU+AFahpDOpgGLzHP42k6H6DKExJd0A55KEVWYhL9FEmHmgeLvEU2vuKXDuU+4yToOw=="],

    "tslib": ["tslib@2.8.1", "", {}, "sha512-oJFu94HQb+KVduSUQL7wnpmqnfmLsOA/nAh6b6EH0wCEoK0/mPeXU6c3wKDV83MkOuHPRHtSXKKU99IBazS/2w=="],
  }
}
